
Microsoft Visual Studio Solution File, Format Version 12.00
# Visual Studio Version 16
VisualStudioVersion = 16.0.30011.22
MinimumVisualStudioVersion = 10.0.40219.1
Project("{9A19103F-16F7-4668-BE54-9A1E7A4F7556}") = "SquareComputingLibraryTests", "SquareComputinfLibraryTests\SquareComputingLibraryTests.csproj", "{10862867-1654-4564-957F-D858BB977AC7}"
EndProject
Project("{9A19103F-16F7-4668-BE54-9A1E7A4F7556}") = "MindBoxMain", "MindBoxMain\MindBoxMain.csproj", "{A4534511-5977-4201-AC49-D669BCCDF0AA}"
EndProject
Project("{9A19103F-16F7-4668-BE54-9A1E7A4F7556}") = "SquareComputingLibrary", "SquareComputingLibrary\SquareComputingLibrary.csproj", "{37D50EA9-DA86-45DB-B4C9-D9EF48EA8DB5}"
EndProject
Global
	GlobalSection(SolutionConfigurationPlatforms) = preSolution
		Debug|Any CPU = Debug|Any CPU
		Release|Any CPU = Release|Any CPU
	EndGlobalSection
	GlobalSection(ProjectConfigurationPlatforms) = postSolution
		{10862867-1654-4564-957F-D858BB977AC7}.Debug|Any CPU.ActiveCfg = Debug|Any CPU
		{10862867-1654-4564-957F-D858BB977AC7}.Debug|Any CPU.Build.0 = Debug|Any CPU
		{10862867-1654-4564-957F-D858BB977AC7}.Release|Any CPU.ActiveCfg = Release|Any CPU
		{10862867-1654-4564-957F-D858BB977AC7}.Release|Any CPU.Build.0 = Release|Any CPU
		{A4534511-5977-4201-AC49-D669BCCDF0AA}.Debug|Any CPU.ActiveCfg = Debug|Any CPU
		{A4534511-5977-4201-AC49-D669BCCDF0AA}.Debug|Any CPU.Build.0 = Debug|Any CPU
		{A4534511-5977-4201-AC49-D669BCCDF0AA}.Release|Any CPU.ActiveCfg = Release|Any CPU
		{A4534511-5977-4201-AC49-D669BCCDF0AA}.Release|Any CPU.Build.0 = Release|Any CPU
		{37D50EA9-DA86-45DB-B4C9-D9EF48EA8DB5}.Debug|Any CPU.ActiveCfg = Debug|Any CPU
		{37D50EA9-DA86-45DB-B4C9-D9EF48EA8DB5}.Debug|Any CPU.Build.0 = Debug|Any CPU
		{37D50EA9-DA86-45DB-B4C9-D9EF48EA8DB5}.Release|Any CPU.ActiveCfg = Release|Any CPU
		{37D50EA9-DA86-45DB-B4C9-D9EF48EA8DB5}.Release|Any CPU.Build.0 = Release|Any CPU
	EndGlobalSection
	GlobalSection(SolutionProperties) = preSolution
		HideSolutionNode = FALSE
	EndGlobalSection
	GlobalSection(ExtensibilityGlobals) = postSolution
		SolutionGuid = {F7B73B30-7A12-4F70-ADB3-9CCA848CB3C1}
	EndGlobalSection
EndGlobal
